<?xml version="1.0" encoding="utf-8"?>
<Project ToolsVersion="4.0" xmlns="http://schemas.microsoft.com/developer/msbuild/2003">
  <ItemGroup>
    <Filter Include="Source Files">
      <UniqueIdentifier>{4FC737F1-C7A5-4376-A066-2A32D752A2FF}</UniqueIdentifier>
      <Extensions>cpp;c;cc;cxx;def;odl;idl;hpj;bat;asm;asmx</Extensions>
    </Filter>
    <Filter Include="Resource Files">
      <UniqueIdentifier>{67DA6AB6-F800-4c08-8B7A-83BB121AAD01}</UniqueIdentifier>
      <Extensions>rc;ico;cur;bmp;dlg;rc2;rct;bin;rgs;gif;jpg;jpeg;jpe;resx;tiff;tif;png;wav;mfcribbon-ms</Extensions>
    </Filter>
    <Filter Include="src">
      <UniqueIdentifier>{3bcc3b52-c44d-4336-a802-6831b83255ef}</UniqueIdentifier>
    </Filter>
    <Filter Include="include">
      <UniqueIdentifier>{93995380-89BD-4b04-88EB-625FBE52EBFB}</UniqueIdentifier>
      <Extensions>h;hh;hpp;hxx;hm;inl;inc;xsd</Extensions>
    </Filter>
    <Filter Include="include\private">
      <UniqueIdentifier>{90de16ca-40dd-4817-b2d8-8baf2ce60de8}</UniqueIdentifier>
    </Filter>
  </ItemGroup>
  <ItemGroup>
    <ClCompile Include="Source.cpp">
      <Filter>Source Files</Filter>
    </ClCompile>
    <ClCompile Include="src\app.cpp">
      <Filter>src</Filter>
    </ClCompile>
    <ClCompile Include="src\ui.cpp">
      <Filter>src</Filter>
    </ClCompile>
    <ClCompile Include="src\klass.cpp">
      <Filter>src</Filter>
    </ClCompile>
    <ClCompile Include="src\object.cpp">
      <Filter>src</Filter>
    </ClCompile>
    <ClCompile Include="src\has_child.cpp">
      <Filter>src</Filter>
    </ClCompile>
    <ClCompile Include="src\button.cpp">
      <Filter>src</Filter>
    </ClCompile>
    <ClCompile Include="src\window.cpp">
      <Filter>src</Filter>
    </ClCompile>
    <ClCompile Include="src\property.cpp">
      <Filter>src</Filter>
    </ClCompile>
    <ClCompile Include="src\initializer.cpp">
      <Filter>src</Filter>
    </ClCompile>
    <ClCompile Include="src\util.cpp">
      <Filter>src</Filter>
    </ClCompile>
    <ClCompile Include="src\ui_object.cpp">
      <Filter>src</Filter>
    </ClCompile>
    <ClCompile Include="src\timer.cpp">
      <Filter>src</Filter>
    </ClCompile>
  </ItemGroup>
  <ItemGroup>
    <ClInclude Include="include\yz\ui.hpp">
      <Filter>include</Filter>
    </ClInclude>
    <ClInclude Include="include\yz\ui_begin.hpp">
      <Filter>include</Filter>
    </ClInclude>
    <ClInclude Include="include\yz\ui_end.hpp">
      <Filter>include</Filter>
    </ClInclude>
    <ClInclude Include="include\yz\app.hpp">
      <Filter>include</Filter>
    </ClInclude>
    <ClInclude Include="include\yz\klass.hpp">
      <Filter>include</Filter>
    </ClInclude>
    <ClInclude Include="include\yz\object.hpp">
      <Filter>include</Filter>
    </ClInclude>
    <ClInclude Include="include\yz\has_child.hpp">
      <Filter>include</Filter>
    </ClInclude>
    <ClInclude Include="include\yz\private\button_p.hpp">
      <Filter>include\private</Filter>
    </ClInclude>
    <ClInclude Include="include\yz\private\window_p.hpp">
      <Filter>include\private</Filter>
    </ClInclude>
    <ClInclude Include="include\yz\property.hpp">
      <Filter>include</Filter>
    </ClInclude>
    <ClInclude Include="include\yz\initializer.hpp">
      <Filter>include</Filter>
    </ClInclude>
    <ClInclude Include="include\yz\signal.hpp">
      <Filter>include</Filter>
    </ClInclude>
    <ClInclude Include="include\yz\util.hpp">
      <Filter>include</Filter>
    </ClInclude>
    <ClInclude Include="include\yz\private\object_p.hpp">
      <Filter>include\private</Filter>
    </ClInclude>
    <ClInclude Include="include\yz\private\ui_object_p.hpp">
      <Filter>include\private</Filter>
    </ClInclude>
    <ClInclude Include="include\yz\button.hpp">
      <Filter>include</Filter>
    </ClInclude>
    <ClInclude Include="include\yz\ui_object.hpp">
      <Filter>include</Filter>
    </ClInclude>
    <ClInclude Include="include\yz\window.hpp">
      <Filter>include</Filter>
    </ClInclude>
    <ClInclude Include="include\yz\timer.hpp">
      <Filter>include</Filter>
    </ClInclude>
    <ClInclude Include="include\yz\private\timer_p.hpp">
      <Filter>include\private</Filter>
    </ClInclude>
    <ClInclude Include="include\yz\decl_begin.hpp">
      <Filter>include</Filter>
    </ClInclude>
    <ClInclude Include="include\yz\decl_end.hpp">
      <Filter>include</Filter>
    </ClInclude>
  </ItemGroup>
</Project>